{
  "name": "lambda-shared",
  "version": "0.0.1",
  "lockfileVersion": 1,
  "requires": true,
  "dependencies": {
    "@types/node": {
      "version": "12.12.9",
      "resolved": "https://registry.npmjs.org/@types/node/-/node-12.12.9.tgz",
      "integrity": "sha512-kV3w4KeLsRBW+O2rKhktBwENNJuqAUQHS3kf4ia2wIaF/MN6U7ANgTsx7tGremcA0Pk3Yh0Hl0iKiLPuBdIgmw==",
      "dev": true
    },
    "loglevel": {
      "version": "1.6.6",
      "resolved": "https://registry.npmjs.org/loglevel/-/loglevel-1.6.6.tgz",
      "integrity": "sha512-Sgr5lbboAUBo3eXCSPL4/KoVz3ROKquOjcctxmHIt+vol2DrqTQe3SwkKKuYhEiWB5kYa13YyopJ69deJ1irzQ=="
    }
  }
}
